{
  "nodes": {
    "beads-src": {
      "flake": false,
      "locked": {
        "lastModified": 1769064419,
        "narHash": "sha256-byAIl0sIzLn6ap5fTWZDRtmLh5bwxL9aXcQw3NERXG0=",
        "owner": "steveyegge",
        "repo": "beads",
        "rev": "5264d7aa604d0bbc4107ba18ba4bffdc023820e3",
        "type": "github"
      },
      "original": {
        "owner": "steveyegge",
        "repo": "beads",
        "type": "github"
      }
    },
    "flake-utils": {
      "inputs": {
        "systems": "systems"
      },
      "locked": {
        "lastModified": 1731533236,
        "narHash": "sha256-l0KFg5HjrsfsO/JpG+r7fRrqm12kzFHyUHqHCVpMMbI=",
        "owner": "numtide",
        "repo": "flake-utils",
        "rev": "11707dc2f618dd54ca8739b309ec4fc024de578b",
        "type": "github"
      },
      "original": {
        "owner": "numtide",
        "repo": "flake-utils",
        "type": "github"
      }
    },
    "gastown-src": {
      "flake": false,
      "locked": {
        "lastModified": 1769065664,
        "narHash": "sha256-J9bGYr0UJoAikyb9xCR4IbcK+hNAYgY5A3y2iB1R02E=",
        "owner": "steveyegge",
        "repo": "gastown",
        "rev": "b158ff27c25efa02ad2a6948a923186a99c6a429",
        "type": "github"
      },
      "original": {
        "owner": "steveyegge",
        "repo": "gastown",
        "type": "github"
      }
    },
    "nixpkgs": {
      "locked": {
        "lastModified": 1757967192,
        "narHash": "sha256-/aA9A/OBmnuOMgwfzdsXRusqzUpd8rQnQY8jtrHK+To=",
        "owner": "NixOS",
        "repo": "nixpkgs",
        "rev": "0d7c15863b251a7a50265e57c1dca1a7add2e291",
        "type": "github"
      },
      "original": {
        "owner": "NixOS",
        "ref": "nixpkgs-unstable",
        "repo": "nixpkgs",
        "type": "github"
      }
    },
    "root": {
      "inputs": {
        "beads-src": "beads-src",
        "flake-utils": "flake-utils",
        "gastown-src": "gastown-src",
        "nixpkgs": "nixpkgs"
      }
    },
    "systems": {
      "locked": {
        "lastModified": 1681028828,
        "narHash": "sha256-Vy1rq5AaRuLzOxct8nz4T6wlgyUR7zLU309k9mBC768=",
        "owner": "nix-systems",
        "repo": "default",
        "rev": "da67096a3b9bf56a91d16901293e51ba5b49a27e",
        "type": "github"
      },
      "original": {
        "owner": "nix-systems",
        "repo": "default",
        "type": "github"
      }
    }
  },
  "root": "root",
  "version": 7
}
